# This file is automatically @generated by Cargo.
# It is not intended for manual editing.
version = 4

[[package]]
name = "rlvgl-api"
version = "0.2.1"

[[package]]
name = "rlvgl-micropython"
version = "0.2.3"
dependencies = [
 "rlvgl-api",
]

[[package]]
name = "rlvgl-micropython-staticlib"
version = "0.2.3"
dependencies = [
 "rlvgl-micropython",
]
