Mcu.Name=STM32H747XIHx
Mcu.Package=LQFP176
RCC.PLL1M=5
RCC.PLL1N=400
RCC.PLL1P=2
RCC.PLL1Q=4
RCC.PLL1R=2
RCC.Usart1ClockSelection=RCC_USART1CLKSOURCE_PCLK2
PA9.Signal=USART1_TX
PA10.Signal=USART1_RX
PB0.Signal=GPIO_Output
PB3.Signal=SPI1_SCK
PB4.Signal=SPI1_MISO
PB5.Signal=SPI1_MOSI
PB6.Signal=I2C1_SCL
PB7.Signal=I2C1_SDA
